
Microsoft Visual Studio Solution File, Format Version 12.00
# Visual Studio 15
VisualStudioVersion = 15.0.28307.329
MinimumVisualStudioVersion = 10.0.40219.1
Project("{FAE04EC0-301F-11D3-BF4B-00C04F79EFBC}") = "Simple_ASP.NET_Demo", "Simple_ASP.NET_Demo\Simple_ASP.NET_Demo.csproj", "{377602E1-206D-42B0-BC06-DAC3CD35E54D}"
EndProject
Global
	GlobalSection(SolutionConfigurationPlatforms) = preSolution
		Debug|Any CPU = Debug|Any CPU
		Release|Any CPU = Release|Any CPU
	EndGlobalSection
	GlobalSection(ProjectConfigurationPlatforms) = postSolution
		{377602E1-206D-42B0-BC06-DAC3CD35E54D}.Debug|Any CPU.ActiveCfg = Debug|Any CPU
		{377602E1-206D-42B0-BC06-DAC3CD35E54D}.Debug|Any CPU.Build.0 = Debug|Any CPU
		{377602E1-206D-42B0-BC06-DAC3CD35E54D}.Release|Any CPU.ActiveCfg = Release|Any CPU
		{377602E1-206D-42B0-BC06-DAC3CD35E54D}.Release|Any CPU.Build.0 = Release|Any CPU
	EndGlobalSection
	GlobalSection(SolutionProperties) = preSolution
		HideSolutionNode = FALSE
	EndGlobalSection
	GlobalSection(ExtensibilityGlobals) = postSolution
		SolutionGuid = {9BED0C1C-3982-4008-87EB-FC705F00C86B}
	EndGlobalSection
EndGlobal
